
Microsoft Visual Studio Solution File, Format Version 12.00
# Visual Studio Version 16
VisualStudioVersion = 16.0.30717.126
MinimumVisualStudioVersion = 10.0.40219.1
Project("{FAE04EC0-301F-11D3-BF4B-00C04F79EFBC}") = "buttonMonitor", "buttonMonitor.csproj", "{9C840828-E15D-41C0-BEC9-FDE7413EA8FB}"
EndProject
Project("{E53339B2-1760-4266-BCC7-CA923CBCF16C}") = "docker-compose", "docker-compose.dcproj", "{3B5BC79A-2889-4256-BDBD-ADA14E2FD31E}"
EndProject
Global
	GlobalSection(SolutionConfigurationPlatforms) = preSolution
		Debug|Any CPU = Debug|Any CPU
		Release|Any CPU = Release|Any CPU
	EndGlobalSection
	GlobalSection(ProjectConfigurationPlatforms) = postSolution
		{9C840828-E15D-41C0-BEC9-FDE7413EA8FB}.Debug|Any CPU.ActiveCfg = Debug|Any CPU
		{9C840828-E15D-41C0-BEC9-FDE7413EA8FB}.Debug|Any CPU.Build.0 = Debug|Any CPU
		{9C840828-E15D-41C0-BEC9-FDE7413EA8FB}.Release|Any CPU.ActiveCfg = Release|Any CPU
		{9C840828-E15D-41C0-BEC9-FDE7413EA8FB}.Release|Any CPU.Build.0 = Release|Any CPU
		{3B5BC79A-2889-4256-BDBD-ADA14E2FD31E}.Debug|Any CPU.ActiveCfg = Debug|Any CPU
		{3B5BC79A-2889-4256-BDBD-ADA14E2FD31E}.Debug|Any CPU.Build.0 = Debug|Any CPU
		{3B5BC79A-2889-4256-BDBD-ADA14E2FD31E}.Release|Any CPU.ActiveCfg = Release|Any CPU
		{3B5BC79A-2889-4256-BDBD-ADA14E2FD31E}.Release|Any CPU.Build.0 = Release|Any CPU
	EndGlobalSection
	GlobalSection(SolutionProperties) = preSolution
		HideSolutionNode = FALSE
	EndGlobalSection
	GlobalSection(ExtensibilityGlobals) = postSolution
		SolutionGuid = {9027013B-FA35-4A3D-8B6D-73E90537E331}
	EndGlobalSection
EndGlobal
